
Microsoft Visual Studio Solution File, Format Version 12.00
# Visual Studio Version 17
VisualStudioVersion = 17.10.35027.167
MinimumVisualStudioVersion = 10.0.40219.1
Project("{FAE04EC0-301F-11D3-BF4B-00C04F79EFBC}") = "Synapxe.FusionPortal", "Synapxe.FusionPortal\Synapxe.FusionPortal.csproj", "{CAB8E33F-67F7-4F6E-8FFF-D3463C8FA99C}"
EndProject
Project("{FAE04EC0-301F-11D3-BF4B-00C04F79EFBC}") = "Synapxe.FusionPortal.IntegrationTests", "Synapxe.FusionPortal.IntegrationTests\Synapxe.FusionPortal.IntegrationTests.csproj", "{5D4C1334-24B9-4B37-8704-633F92B2F3E7}"
EndProject
Project("{FAE04EC0-301F-11D3-BF4B-00C04F79EFBC}") = "Synapxe.FusionPortal.Model", "Synapxe.FusionPortal.Model\Synapxe.FusionPortal.Model.csproj", "{CC5B4886-C0CF-4632-A865-32391F195CDE}"
EndProject
Global
	GlobalSection(SolutionConfigurationPlatforms) = preSolution
		Debug|Any CPU = Debug|Any CPU
		Release|Any CPU = Release|Any CPU
	EndGlobalSection
	GlobalSection(ProjectConfigurationPlatforms) = postSolution
		{CAB8E33F-67F7-4F6E-8FFF-D3463C8FA99C}.Debug|Any CPU.ActiveCfg = Debug|Any CPU
		{CAB8E33F-67F7-4F6E-8FFF-D3463C8FA99C}.Debug|Any CPU.Build.0 = Debug|Any CPU
		{CAB8E33F-67F7-4F6E-8FFF-D3463C8FA99C}.Release|Any CPU.ActiveCfg = Release|Any CPU
		{CAB8E33F-67F7-4F6E-8FFF-D3463C8FA99C}.Release|Any CPU.Build.0 = Release|Any CPU
		{5D4C1334-24B9-4B37-8704-633F92B2F3E7}.Debug|Any CPU.ActiveCfg = Debug|Any CPU
		{5D4C1334-24B9-4B37-8704-633F92B2F3E7}.Debug|Any CPU.Build.0 = Debug|Any CPU
		{5D4C1334-24B9-4B37-8704-633F92B2F3E7}.Release|Any CPU.ActiveCfg = Release|Any CPU
		{5D4C1334-24B9-4B37-8704-633F92B2F3E7}.Release|Any CPU.Build.0 = Release|Any CPU
		{CC5B4886-C0CF-4632-A865-32391F195CDE}.Debug|Any CPU.ActiveCfg = Debug|Any CPU
		{CC5B4886-C0CF-4632-A865-32391F195CDE}.Debug|Any CPU.Build.0 = Debug|Any CPU
		{CC5B4886-C0CF-4632-A865-32391F195CDE}.Release|Any CPU.ActiveCfg = Release|Any CPU
		{CC5B4886-C0CF-4632-A865-32391F195CDE}.Release|Any CPU.Build.0 = Release|Any CPU
	EndGlobalSection
	GlobalSection(SolutionProperties) = preSolution
		HideSolutionNode = FALSE
	EndGlobalSection
	GlobalSection(ExtensibilityGlobals) = postSolution
		SolutionGuid = {08C926BB-F796-45B5-B57B-4E5D59DB85B5}
	EndGlobalSection
EndGlobal
